
Microsoft Visual Studio Solution File, Format Version 12.00
# Visual Studio 15
VisualStudioVersion = 15.0.28307.1267
MinimumVisualStudioVersion = 10.0.40219.1
Project("{FAE04EC0-301F-11D3-BF4B-00C04F79EFBC}") = "BisectionCalculator", "BisectionCalculator\BisectionCalculator.csproj", "{57A5538D-2D84-4EED-BDB5-98CAD6E971FF}"
EndProject
Global
	GlobalSection(SolutionConfigurationPlatforms) = preSolution
		Debug|Any CPU = Debug|Any CPU
		Release|Any CPU = Release|Any CPU
	EndGlobalSection
	GlobalSection(ProjectConfigurationPlatforms) = postSolution
		{57A5538D-2D84-4EED-BDB5-98CAD6E971FF}.Debug|Any CPU.ActiveCfg = Debug|Any CPU
		{57A5538D-2D84-4EED-BDB5-98CAD6E971FF}.Debug|Any CPU.Build.0 = Debug|Any CPU
		{57A5538D-2D84-4EED-BDB5-98CAD6E971FF}.Release|Any CPU.ActiveCfg = Release|Any CPU
		{57A5538D-2D84-4EED-BDB5-98CAD6E971FF}.Release|Any CPU.Build.0 = Release|Any CPU
	EndGlobalSection
	GlobalSection(SolutionProperties) = preSolution
		HideSolutionNode = FALSE
	EndGlobalSection
	GlobalSection(ExtensibilityGlobals) = postSolution
		SolutionGuid = {9A17F1E0-A6B3-49D2-9C10-82D821FB2C6C}
	EndGlobalSection
EndGlobal
